
Microsoft Visual Studio Solution File, Format Version 12.00
# Visual Studio Version 17
VisualStudioVersion = 17.10.34928.147
MinimumVisualStudioVersion = 10.0.40219.1
Project("{FAE04EC0-301F-11D3-BF4B-00C04F79EFBC}") = "OrderManagementSystem", "OrderManagementSystem.csproj", "{B82BECD6-6F18-44FF-BC62-D769ACEC0415}"
EndProject
Global
	GlobalSection(SolutionConfigurationPlatforms) = preSolution
		Debug|Any CPU = Debug|Any CPU
		Release|Any CPU = Release|Any CPU
	EndGlobalSection
	GlobalSection(ProjectConfigurationPlatforms) = postSolution
		{B82BECD6-6F18-44FF-BC62-D769ACEC0415}.Debug|Any CPU.ActiveCfg = Debug|Any CPU
		{B82BECD6-6F18-44FF-BC62-D769ACEC0415}.Debug|Any CPU.Build.0 = Debug|Any CPU
		{B82BECD6-6F18-44FF-BC62-D769ACEC0415}.Release|Any CPU.ActiveCfg = Release|Any CPU
		{B82BECD6-6F18-44FF-BC62-D769ACEC0415}.Release|Any CPU.Build.0 = Release|Any CPU
	EndGlobalSection
	GlobalSection(SolutionProperties) = preSolution
		HideSolutionNode = FALSE
	EndGlobalSection
	GlobalSection(ExtensibilityGlobals) = postSolution
		SolutionGuid = {FF458D2C-E006-491A-A433-D8D5F720C06A}
	EndGlobalSection
EndGlobal
